// !$*UTF8*$!
{
	archiveVersion = 1;
	classes = {
	};
	objectVersion = 56;
	objects = {

/* Begin PBXBuildFile section */
		FECC6AAE2A6047EB006D1276 /* SpikeApp.swift in Sources */ = {isa = PBXBuildFile; fileRef = FECC6AAD2A6047EB006D1276 /* SpikeApp.swift */; };
		FECC6AB02A6047EB006D1276 /* ContentView.swift in Sources */ = {isa = PBXBuildFile; fileRef = FECC6AAF2A6047EB006D1276 /* ContentView.swift */; };
		FECC6AB22A6047EC006D1276 /* Assets.xcassets in Resources */ = {isa = PBXBuildFile; fileRef = FECC6AB12A6047EC006D1276 /* Assets.xcassets */; };
		FECC6AB52A6047EC006D1276 /* Preview Assets.xcassets in Resources */ = {isa = PBXBuildFile; fileRef = FECC6AB42A6047EC006D1276 /* Preview Assets.xcassets */; };
		FECC6AB72A6047EC006D1276 /* Persistence.swift in Sources */ = {isa = PBXBuildFile; fileRef = FECC6AB62A6047EC006D1276 /* Persistence.swift */; };
		FECC6ABA2A6047EC006D1276 /* Spike.xcdatamodeld in Sources */ = {isa = PBXBuildFile; fileRef = FECC6AB82A6047EC006D1276 /* Spike.xcdatamodeld */; };
		FECC6AC42A6047EC006D1276 /* SpikeTests.swift in Sources */ = {isa = PBXBuildFile; fileRef = FECC6AC32A6047EC006D1276 /* SpikeTests.swift */; };
		FECC6ACE2A6047EC006D1276 /* SpikeUITests.swift in Sources */ = {isa = PBXBuildFile; fileRef = FECC6ACD2A6047EC006D1276 /* SpikeUITests.swift */; };
		FECC6AD02A6047EC006D1276 /* SpikeUITestsLaunchTests.swift in Sources */ = {isa = PBXBuildFile; fileRef = FECC6ACF2A6047EC006D1276 /* SpikeUITestsLaunchTests.swift */; };
		FECC6ADD2A6048DB006D1276 /* ViewModel.swift in Sources */ = {isa = PBXBuildFile; fileRef = FECC6ADC2A6048DB006D1276 /* ViewModel.swift */; };
		FECC6ADF2A604B9D006D1276 /* Protocols.swift in Sources */ = {isa = PBXBuildFile; fileRef = FECC6ADE2A604B9D006D1276 /* Protocols.swift */; };
		FECC6AE12A604EE5006D1276 /* Password.swift in Sources */ = {isa = PBXBuildFile; fileRef = FECC6AE02A604EE5006D1276 /* Password.swift */; };
		FECC6AE42A606939006D1276 /* Navajo-Swift in Frameworks */ = {isa = PBXBuildFile; productRef = FECC6AE32A606939006D1276 /* Navajo-Swift */; };
/* End PBXBuildFile section */

/* Begin PBXContainerItemProxy section */
		FECC6AC02A6047EC006D1276 /* PBXContainerItemProxy */ = {
			isa = PBXContainerItemProxy;
			containerPortal = FECC6AA22A6047EB006D1276 /* Project object */;
			proxyType = 1;
			remoteGlobalIDString = FECC6AA92A6047EB006D1276;
			remoteInfo = Spike;
		};
		FECC6ACA2A6047EC006D1276 /* PBXContainerItemProxy */ = {
			isa = PBXContainerItemProxy;
			containerPortal = FECC6AA22A6047EB006D1276 /* Project object */;
			proxyType = 1;
			remoteGlobalIDString = FECC6AA92A6047EB006D1276;
			remoteInfo = Spike;
		};
/* End PBXContainerItemProxy section */

/* Begin PBXFileReference section */
		FECC6AAA2A6047EB006D1276 /* Spike.app */ = {isa = PBXFileReference; explicitFileType = wrapper.application; includeInIndex = 0; path = Spike.app; sourceTree = BUILT_PRODUCTS_DIR; };
		FECC6AAD2A6047EB006D1276 /* SpikeApp.swift */ = {isa = PBXFileReference; lastKnownFileType = sourcecode.swift; path = SpikeApp.swift; sourceTree = "<group>"; };
		FECC6AAF2A6047EB006D1276 /* ContentView.swift */ = {isa = PBXFileReference; lastKnownFileType = sourcecode.swift; path = ContentView.swift; sourceTree = "<group>"; };
		FECC6AB12A6047EC006D1276 /* Assets.xcassets */ = {isa = PBXFileReference; lastKnownFileType = folder.assetcatalog; path = Assets.xcassets; sourceTree = "<group>"; };
		FECC6AB42A6047EC006D1276 /* Preview Assets.xcassets */ = {isa = PBXFileReference; lastKnownFileType = folder.assetcatalog; path = "Preview Assets.xcassets"; sourceTree = "<group>"; };
		FECC6AB62A6047EC006D1276 /* Persistence.swift */ = {isa = PBXFileReference; lastKnownFileType = sourcecode.swift; path = Persistence.swift; sourceTree = "<group>"; };
		FECC6AB92A6047EC006D1276 /* Spike.xcdatamodel */ = {isa = PBXFileReference; lastKnownFileType = wrapper.xcdatamodel; path = Spike.xcdatamodel; sourceTree = "<group>"; };
		FECC6ABF2A6047EC006D1276 /* SpikeTests.xctest */ = {isa = PBXFileReference; explicitFileType = wrapper.cfbundle; includeInIndex = 0; path = SpikeTests.xctest; sourceTree = BUILT_PRODUCTS_DIR; };
		FECC6AC32A6047EC006D1276 /* SpikeTests.swift */ = {isa = PBXFileReference; lastKnownFileType = sourcecode.swift; path = SpikeTests.swift; sourceTree = "<group>"; };
		FECC6AC92A6047EC006D1276 /* SpikeUITests.xctest */ = {isa = PBXFileReference; explicitFileType = wrapper.cfbundle; includeInIndex = 0; path = SpikeUITests.xctest; sourceTree = BUILT_PRODUCTS_DIR; };
		FECC6ACD2A6047EC006D1276 /* SpikeUITests.swift */ = {isa = PBXFileReference; lastKnownFileType = sourcecode.swift; path = SpikeUITests.swift; sourceTree = "<group>"; };
		FECC6ACF2A6047EC006D1276 /* SpikeUITestsLaunchTests.swift */ = {isa = PBXFileReference; lastKnownFileType = sourcecode.swift; path = SpikeUITestsLaunchTests.swift; sourceTree = "<group>"; };
		FECC6ADC2A6048DB006D1276 /* ViewModel.swift */ = {isa = PBXFileReference; lastKnownFileType = sourcecode.swift; path = ViewModel.swift; sourceTree = "<group>"; };
		FECC6ADE2A604B9D006D1276 /* Protocols.swift */ = {isa = PBXFileReference; lastKnownFileType = sourcecode.swift; path = Protocols.swift; sourceTree = "<group>"; };
		FECC6AE02A604EE5006D1276 /* Password.swift */ = {isa = PBXFileReference; lastKnownFileType = sourcecode.swift; path = Password.swift; sourceTree = "<group>"; };
/* End PBXFileReference section */

/* Begin PBXFrameworksBuildPhase section */
		FECC6AA72A6047EB006D1276 /* Frameworks */ = {
			isa = PBXFrameworksBuildPhase;
			buildActionMask = 2147483647;
			files = (
				FECC6AE42A606939006D1276 /* Navajo-Swift in Frameworks */,
			);
			runOnlyForDeploymentPostprocessing = 0;
		};
		FECC6ABC2A6047EC006D1276 /* Frameworks */ = {
			isa = PBXFrameworksBuildPhase;
			buildActionMask = 2147483647;
			files = (
			);
			runOnlyForDeploymentPostprocessing = 0;
		};
		FECC6AC62A6047EC006D1276 /* Frameworks */ = {
			isa = PBXFrameworksBuildPhase;
			buildActionMask = 2147483647;
			files = (
			);
			runOnlyForDeploymentPostprocessing = 0;
		};
/* End PBXFrameworksBuildPhase section */

/* Begin PBXGroup section */
		FECC6AA12A6047EB006D1276 = {
			isa = PBXGroup;
			children = (
				FECC6AAC2A6047EB006D1276 /* Spike */,
				FECC6AC22A6047EC006D1276 /* SpikeTests */,
				FECC6ACC2A6047EC006D1276 /* SpikeUITests */,
				FECC6AAB2A6047EB006D1276 /* Products */,
			);
			sourceTree = "<group>";
		};
		FECC6AAB2A6047EB006D1276 /* Products */ = {
			isa = PBXGroup;
			children = (
				FECC6AAA2A6047EB006D1276 /* Spike.app */,
				FECC6ABF2A6047EC006D1276 /* SpikeTests.xctest */,
				FECC6AC92A6047EC006D1276 /* SpikeUITests.xctest */,
			);
			name = Products;
			sourceTree = "<group>";
		};
		FECC6AAC2A6047EB006D1276 /* Spike */ = {
			isa = PBXGroup;
			children = (
				FECC6AAD2A6047EB006D1276 /* SpikeApp.swift */,
				FECC6AE02A604EE5006D1276 /* Password.swift */,
				FECC6AAF2A6047EB006D1276 /* ContentView.swift */,
				FECC6ADE2A604B9D006D1276 /* Protocols.swift */,
				FECC6ADC2A6048DB006D1276 /* ViewModel.swift */,
				FECC6AB12A6047EC006D1276 /* Assets.xcassets */,
				FECC6AB62A6047EC006D1276 /* Persistence.swift */,
				FECC6AB82A6047EC006D1276 /* Spike.xcdatamodeld */,
				FECC6AB32A6047EC006D1276 /* Preview Content */,
			);
			path = Spike;
			sourceTree = "<group>";
		};
		FECC6AB32A6047EC006D1276 /* Preview Content */ = {
			isa = PBXGroup;
			children = (
				FECC6AB42A6047EC006D1276 /* Preview Assets.xcassets */,
			);
			path = "Preview Content";
			sourceTree = "<group>";
		};
		FECC6AC22A6047EC006D1276 /* SpikeTests */ = {
			isa = PBXGroup;
			children = (
				FECC6AC32A6047EC006D1276 /* SpikeTests.swift */,
			);
			path = SpikeTests;
			sourceTree = "<group>";
		};
		FECC6ACC2A6047EC006D1276 /* SpikeUITests */ = {
			isa = PBXGroup;
			children = (
				FECC6ACD2A6047EC006D1276 /* SpikeUITests.swift */,
				FECC6ACF2A6047EC006D1276 /* SpikeUITestsLaunchTests.swift */,
			);
			path = SpikeUITests;
			sourceTree = "<group>";
		};
/* End PBXGroup section */

/* Begin PBXNativeTarget section */
		FECC6AA92A6047EB006D1276 /* Spike */ = {
			isa = PBXNativeTarget;
			buildConfigurationList = FECC6AD32A6047EC006D1276 /* Build configuration list for PBXNativeTarget "Spike" */;
			buildPhases = (
				FECC6AA62A6047EB006D1276 /* Sources */,
				FECC6AA72A6047EB006D1276 /* Frameworks */,
				FECC6AA82A6047EB006D1276 /* Resources */,
			);
			buildRules = (
			);
			dependencies = (
			);
			name = Spike;
			packageProductDependencies = (
				FECC6AE32A606939006D1276 /* Navajo-Swift */,
			);
			productName = Spike;
			productReference = FECC6AAA2A6047EB006D1276 /* Spike.app */;
			productType = "com.apple.product-type.application";
		};
		FECC6ABE2A6047EC006D1276 /* SpikeTests */ = {
			isa = PBXNativeTarget;
			buildConfigurationList = FECC6AD62A6047EC006D1276 /* Build configuration list for PBXNativeTarget "SpikeTests" */;
			buildPhases = (
				FECC6ABB2A6047EC006D1276 /* Sources */,
				FECC6ABC2A6047EC006D1276 /* Frameworks */,
				FECC6ABD2A6047EC006D1276 /* Resources */,
			);
			buildRules = (
			);
			dependencies = (
				FECC6AC12A6047EC006D1276 /* PBXTargetDependency */,
			);
			name = SpikeTests;
			productName = SpikeTests;
			productReference = FECC6ABF2A6047EC006D1276 /* SpikeTests.xctest */;
			productType = "com.apple.product-type.bundle.unit-test";
		};
		FECC6AC82A6047EC006D1276 /* SpikeUITests */ = {
			isa = PBXNativeTarget;
			buildConfigurationList = FECC6AD92A6047EC006D1276 /* Build configuration list for PBXNativeTarget "SpikeUITests" */;
			buildPhases = (
				FECC6AC52A6047EC006D1276 /* Sources */,
				FECC6AC62A6047EC006D1276 /* Frameworks */,
				FECC6AC72A6047EC006D1276 /* Resources */,
			);
			buildRules = (
			);
			dependencies = (
				FECC6ACB2A6047EC006D1276 /* PBXTargetDependency */,
			);
			name = SpikeUITests;
			productName = SpikeUITests;
			productReference = FECC6AC92A6047EC006D1276 /* SpikeUITests.xctest */;
			productType = "com.apple.product-type.bundle.ui-testing";
		};
/* End PBXNativeTarget section */

/* Begin PBXProject section */
		FECC6AA22A6047EB006D1276 /* Project object */ = {
			isa = PBXProject;
			attributes = {
				BuildIndependentTargetsInParallel = 1;
				LastSwiftUpdateCheck = 1430;
				LastUpgradeCheck = 1430;
				TargetAttributes = {
					FECC6AA92A6047EB006D1276 = {
						CreatedOnToolsVersion = 14.3;
					};
					FECC6ABE2A6047EC006D1276 = {
						CreatedOnToolsVersion = 14.3;
						TestTargetID = FECC6AA92A6047EB006D1276;
					};
					FECC6AC82A6047EC006D1276 = {
						CreatedOnToolsVersion = 14.3;
						TestTargetID = FECC6AA92A6047EB006D1276;
					};
				};
			};
			buildConfigurationList = FECC6AA52A6047EB006D1276 /* Build configuration list for PBXProject "Spike" */;
			compatibilityVersion = "Xcode 14.0";
			developmentRegion = en;
			hasScannedForEncodings = 0;
			knownRegions = (
				en,
				Base,
			);
			mainGroup = FECC6AA12A6047EB006D1276;
			packageReferences = (
				FECC6AE22A606939006D1276 /* XCRemoteSwiftPackageReference "Navajo-Swift" */,
			);
			productRefGroup = FECC6AAB2A6047EB006D1276 /* Products */;
			projectDirPath = "";
			projectRoot = "";
			targets = (
				FECC6AA92A6047EB006D1276 /* Spike */,
				FECC6ABE2A6047EC006D1276 /* SpikeTests */,
				FECC6AC82A6047EC006D1276 /* SpikeUITests */,
			);
		};
/* End PBXProject section */

/* Begin PBXResourcesBuildPhase section */
		FECC6AA82A6047EB006D1276 /* Resources */ = {
			isa = PBXResourcesBuildPhase;
			buildActionMask = 2147483647;
			files = (
				FECC6AB52A6047EC006D1276 /* Preview Assets.xcassets in Resources */,
				FECC6AB22A6047EC006D1276 /* Assets.xcassets in Resources */,
			);
			runOnlyForDeploymentPostprocessing = 0;
		};
		FECC6ABD2A6047EC006D1276 /* Resources */ = {
			isa = PBXResourcesBuildPhase;
			buildActionMask = 2147483647;
			files = (
			);
			runOnlyForDeploymentPostprocessing = 0;
		};
		FECC6AC72A6047EC006D1276 /* Resources */ = {
			isa = PBXResourcesBuildPhase;
			buildActionMask = 2147483647;
			files = (
			);
			runOnlyForDeploymentPostprocessing = 0;
		};
/* End PBXResourcesBuildPhase section */

/* Begin PBXSourcesBuildPhase section */
		FECC6AA62A6047EB006D1276 /* Sources */ = {
			isa = PBXSourcesBuildPhase;
			buildActionMask = 2147483647;
			files = (
				FECC6ADD2A6048DB006D1276 /* ViewModel.swift in Sources */,
				FECC6AB72A6047EC006D1276 /* Persistence.swift in Sources */,
				FECC6AB02A6047EB006D1276 /* ContentView.swift in Sources */,
				FECC6AE12A604EE5006D1276 /* Password.swift in Sources */,
				FECC6ADF2A604B9D006D1276 /* Protocols.swift in Sources */,
				FECC6ABA2A6047EC006D1276 /* Spike.xcdatamodeld in Sources */,
				FECC6AAE2A6047EB006D1276 /* SpikeApp.swift in Sources */,
			);
			runOnlyForDeploymentPostprocessing = 0;
		};
		FECC6ABB2A6047EC006D1276 /* Sources */ = {
			isa = PBXSourcesBuildPhase;
			buildActionMask = 2147483647;
			files = (
				FECC6AC42A6047EC006D1276 /* SpikeTests.swift in Sources */,
			);
			runOnlyForDeploymentPostprocessing = 0;
		};
		FECC6AC52A6047EC006D1276 /* Sources */ = {
			isa = PBXSourcesBuildPhase;
			buildActionMask = 2147483647;
			files = (
				FECC6ACE2A6047EC006D1276 /* SpikeUITests.swift in Sources */,
				FECC6AD02A6047EC006D1276 /* SpikeUITestsLaunchTests.swift in Sources */,
			);
			runOnlyForDeploymentPostprocessing = 0;
		};
/* End PBXSourcesBuildPhase section */

/* Begin PBXTargetDependency section */
		FECC6AC12A6047EC006D1276 /* PBXTargetDependency */ = {
			isa = PBXTargetDependency;
			target = FECC6AA92A6047EB006D1276 /* Spike */;
			targetProxy = FECC6AC02A6047EC006D1276 /* PBXContainerItemProxy */;
		};
		FECC6ACB2A6047EC006D1276 /* PBXTargetDependency */ = {
			isa = PBXTargetDependency;
			target = FECC6AA92A6047EB006D1276 /* Spike */;
			targetProxy = FECC6ACA2A6047EC006D1276 /* PBXContainerItemProxy */;
		};
/* End PBXTargetDependency section */

/* Begin XCBuildConfiguration section */
		FECC6AD12A6047EC006D1276 /* Debug */ = {
			isa = XCBuildConfiguration;
			buildSettings = {
				ALWAYS_SEARCH_USER_PATHS = NO;
				CLANG_ANALYZER_NONNULL = YES;
				CLANG_ANALYZER_NUMBER_OBJECT_CONVERSION = YES_AGGRESSIVE;
				CLANG_CXX_LANGUAGE_STANDARD = "gnu++20";
				CLANG_ENABLE_MODULES = YES;
				CLANG_ENABLE_OBJC_ARC = YES;
				CLANG_ENABLE_OBJC_WEAK = YES;
				CLANG_WARN_BLOCK_CAPTURE_AUTORELEASING = YES;
				CLANG_WARN_BOOL_CONVERSION = YES;
				CLANG_WARN_COMMA = YES;
				CLANG_WARN_CONSTANT_CONVERSION = YES;
				CLANG_WARN_DEPRECATED_OBJC_IMPLEMENTATIONS = YES;
				CLANG_WARN_DIRECT_OBJC_ISA_USAGE = YES_ERROR;
				CLANG_WARN_DOCUMENTATION_COMMENTS = YES;
				CLANG_WARN_EMPTY_BODY = YES;
				CLANG_WARN_ENUM_CONVERSION = YES;
				CLANG_WARN_INFINITE_RECURSION = YES;
				CLANG_WARN_INT_CONVERSION = YES;
				CLANG_WARN_NON_LITERAL_NULL_CONVERSION = YES;
				CLANG_WARN_OBJC_IMPLICIT_RETAIN_SELF = YES;
				CLANG_WARN_OBJC_LITERAL_CONVERSION = YES;
				CLANG_WARN_OBJC_ROOT_CLASS = YES_ERROR;
				CLANG_WARN_QUOTED_INCLUDE_IN_FRAMEWORK_HEADER = YES;
				CLANG_WARN_RANGE_LOOP_ANALYSIS = YES;
				CLANG_WARN_STRICT_PROTOTYPES = YES;
				CLANG_WARN_SUSPICIOUS_MOVE = YES;
				CLANG_WARN_UNGUARDED_AVAILABILITY = YES_AGGRESSIVE;
				CLANG_WARN_UNREACHABLE_CODE = YES;
				CLANG_WARN__DUPLICATE_METHOD_MATCH = YES;
				COPY_PHASE_STRIP = NO;
				DEBUG_INFORMATION_FORMAT = dwarf;
				ENABLE_STRICT_OBJC_MSGSEND = YES;
				ENABLE_TESTABILITY = YES;
				GCC_C_LANGUAGE_STANDARD = gnu11;
				GCC_DYNAMIC_NO_PIC = NO;
				GCC_NO_COMMON_BLOCKS = YES;
				GCC_OPTIMIZATION_LEVEL = 0;
				GCC_PREPROCESSOR_DEFINITIONS = (
					"DEBUG=1",
					"$(inherited)",
				);
				GCC_WARN_64_TO_32_BIT_CONVERSION = YES;
				GCC_WARN_ABOUT_RETURN_TYPE = YES_ERROR;
				GCC_WARN_UNDECLARED_SELECTOR = YES;
				GCC_WARN_UNINITIALIZED_AUTOS = YES_AGGRESSIVE;
				GCC_WARN_UNUSED_FUNCTION = YES;
				GCC_WARN_UNUSED_VARIABLE = YES;
				IPHONEOS_DEPLOYMENT_TARGET = 16.4;
				MTL_ENABLE_DEBUG_INFO = INCLUDE_SOURCE;
				MTL_FAST_MATH = YES;
				ONLY_ACTIVE_ARCH = YES;
				SDKROOT = iphoneos;
				SWIFT_ACTIVE_COMPILATION_CONDITIONS = DEBUG;
				SWIFT_OPTIMIZATION_LEVEL = "-Onone";
			};
			name = Debug;
		};
		FECC6AD22A6047EC006D1276 /* Release */ = {
			isa = XCBuildConfiguration;
			buildSettings = {
				ALWAYS_SEARCH_USER_PATHS = NO;
				CLANG_ANALYZER_NONNULL = YES;
				CLANG_ANALYZER_NUMBER_OBJECT_CONVERSION = YES_AGGRESSIVE;
				CLANG_CXX_LANGUAGE_STANDARD = "gnu++20";
				CLANG_ENABLE_MODULES = YES;
				CLANG_ENABLE_OBJC_ARC = YES;
				CLANG_ENABLE_OBJC_WEAK = YES;
				CLANG_WARN_BLOCK_CAPTURE_AUTORELEASING = YES;
				CLANG_WARN_BOOL_CONVERSION = YES;
				CLANG_WARN_COMMA = YES;
				CLANG_WARN_CONSTANT_CONVERSION = YES;
				CLANG_WARN_DEPRECATED_OBJC_IMPLEMENTATIONS = YES;
				CLANG_WARN_DIRECT_OBJC_ISA_USAGE = YES_ERROR;
				CLANG_WARN_DOCUMENTATION_COMMENTS = YES;
				CLANG_WARN_EMPTY_BODY = YES;
				CLANG_WARN_ENUM_CONVERSION = YES;
				CLANG_WARN_INFINITE_RECURSION = YES;
				CLANG_WARN_INT_CONVERSION = YES;
				CLANG_WARN_NON_LITERAL_NULL_CONVERSION = YES;
				CLANG_WARN_OBJC_IMPLICIT_RETAIN_SELF = YES;
				CLANG_WARN_OBJC_LITERAL_CONVERSION = YES;
				CLANG_WARN_OBJC_ROOT_CLASS = YES_ERROR;
				CLANG_WARN_QUOTED_INCLUDE_IN_FRAMEWORK_HEADER = YES;
				CLANG_WARN_RANGE_LOOP_ANALYSIS = YES;
				CLANG_WARN_STRICT_PROTOTYPES = YES;
				CLANG_WARN_SUSPICIOUS_MOVE = YES;
				CLANG_WARN_UNGUARDED_AVAILABILITY = YES_AGGRESSIVE;
				CLANG_WARN_UNREACHABLE_CODE = YES;
				CLANG_WARN__DUPLICATE_METHOD_MATCH = YES;
				COPY_PHASE_STRIP = NO;
				DEBUG_INFORMATION_FORMAT = "dwarf-with-dsym";
				ENABLE_NS_ASSERTIONS = NO;
				ENABLE_STRICT_OBJC_MSGSEND = YES;
				GCC_C_LANGUAGE_STANDARD = gnu11;
				GCC_NO_COMMON_BLOCKS = YES;
				GCC_WARN_64_TO_32_BIT_CONVERSION = YES;
				GCC_WARN_ABOUT_RETURN_TYPE = YES_ERROR;
				GCC_WARN_UNDECLARED_SELECTOR = YES;
				GCC_WARN_UNINITIALIZED_AUTOS = YES_AGGRESSIVE;
				GCC_WARN_UNUSED_FUNCTION = YES;
				GCC_WARN_UNUSED_VARIABLE = YES;
				IPHONEOS_DEPLOYMENT_TARGET = 16.4;
				MTL_ENABLE_DEBUG_INFO = NO;
				MTL_FAST_MATH = YES;
				SDKROOT = iphoneos;
				SWIFT_COMPILATION_MODE = wholemodule;
				SWIFT_OPTIMIZATION_LEVEL = "-O";
				VALIDATE_PRODUCT = YES;
			};
			name = Release;
		};
		FECC6AD42A6047EC006D1276 /* Debug */ = {
			isa = XCBuildConfiguration;
			buildSettings = {
				ASSETCATALOG_COMPILER_APPICON_NAME = AppIcon;
				ASSETCATALOG_COMPILER_GLOBAL_ACCENT_COLOR_NAME = AccentColor;
				CODE_SIGN_STYLE = Automatic;
				CURRENT_PROJECT_VERSION = 1;
				DEVELOPMENT_ASSET_PATHS = "\"Spike/Preview Content\"";
				DEVELOPMENT_TEAM = 84HMKC95WY;
				ENABLE_PREVIEWS = YES;
				GENERATE_INFOPLIST_FILE = YES;
				INFOPLIST_KEY_UIApplicationSceneManifest_Generation = YES;
				INFOPLIST_KEY_UIApplicationSupportsIndirectInputEvents = YES;
				INFOPLIST_KEY_UILaunchScreen_Generation = YES;
				INFOPLIST_KEY_UISupportedInterfaceOrientations_iPad = "UIInterfaceOrientationPortrait UIInterfaceOrientationPortraitUpsideDown UIInterfaceOrientationLandscapeLeft UIInterfaceOrientationLandscapeRight";
				INFOPLIST_KEY_UISupportedInterfaceOrientations_iPhone = "UIInterfaceOrientationPortrait UIInterfaceOrientationLandscapeLeft UIInterfaceOrientationLandscapeRight";
				LD_RUNPATH_SEARCH_PATHS = (
					"$(inherited)",
					"@executable_path/Frameworks",
				);
				MARKETING_VERSION = 1.0;
				PRODUCT_BUNDLE_IDENTIFIER = Allison.Spike;
				PRODUCT_NAME = "$(TARGET_NAME)";
				SWIFT_EMIT_LOC_STRINGS = YES;
				SWIFT_VERSION = 5.0;
				TARGETED_DEVICE_FAMILY = "1,2";
			};
			name = Debug;
		};
		FECC6AD52A6047EC006D1276 /* Release */ = {
			isa = XCBuildConfiguration;
			buildSettings = {
				ASSETCATALOG_COMPILER_APPICON_NAME = AppIcon;
				ASSETCATALOG_COMPILER_GLOBAL_ACCENT_COLOR_NAME = AccentColor;
				CODE_SIGN_STYLE = Automatic;
				CURRENT_PROJECT_VERSION = 1;
				DEVELOPMENT_ASSET_PATHS = "\"Spike/Preview Content\"";
				DEVELOPMENT_TEAM = 84HMKC95WY;
				ENABLE_PREVIEWS = YES;
				GENERATE_INFOPLIST_FILE = YES;
				INFOPLIST_KEY_UIApplicationSceneManifest_Generation = YES;
				INFOPLIST_KEY_UIApplicationSupportsIndirectInputEvents = YES;
				INFOPLIST_KEY_UILaunchScreen_Generation = YES;
				INFOPLIST_KEY_UISupportedInterfaceOrientations_iPad = "UIInterfaceOrientationPortrait UIInterfaceOrientationPortraitUpsideDown UIInterfaceOrientationLandscapeLeft UIInterfaceOrientationLandscapeRight";
				INFOPLIST_KEY_UISupportedInterfaceOrientations_iPhone = "UIInterfaceOrientationPortrait UIInterfaceOrientationLandscapeLeft UIInterfaceOrientationLandscapeRight";
				LD_RUNPATH_SEARCH_PATHS = (
					"$(inherited)",
					"@executable_path/Frameworks",
				);
				MARKETING_VERSION = 1.0;
				PRODUCT_BUNDLE_IDENTIFIER = Allison.Spike;
				PRODUCT_NAME = "$(TARGET_NAME)";
				SWIFT_EMIT_LOC_STRINGS = YES;
				SWIFT_VERSION = 5.0;
				TARGETED_DEVICE_FAMILY = "1,2";
			};
			name = Release;
		};
		FECC6AD72A6047EC006D1276 /* Debug */ = {
			isa = XCBuildConfiguration;
			buildSettings = {
				ALWAYS_EMBED_SWIFT_STANDARD_LIBRARIES = YES;
				BUNDLE_LOADER = "$(TEST_HOST)";
				CODE_SIGN_STYLE = Automatic;
				CURRENT_PROJECT_VERSION = 1;
				DEVELOPMENT_TEAM = 84HMKC95WY;
				GENERATE_INFOPLIST_FILE = YES;
				IPHONEOS_DEPLOYMENT_TARGET = 16.4;
				MARKETING_VERSION = 1.0;
				PRODUCT_BUNDLE_IDENTIFIER = Allison.SpikeTests;
				PRODUCT_NAME = "$(TARGET_NAME)";
				SWIFT_EMIT_LOC_STRINGS = NO;
				SWIFT_VERSION = 5.0;
				TARGETED_DEVICE_FAMILY = "1,2";
				TEST_HOST = "$(BUILT_PRODUCTS_DIR)/Spike.app/$(BUNDLE_EXECUTABLE_FOLDER_PATH)/Spike";
			};
			name = Debug;
		};
		FECC6AD82A6047EC006D1276 /* Release */ = {
			isa = XCBuildConfiguration;
			buildSettings = {
				ALWAYS_EMBED_SWIFT_STANDARD_LIBRARIES = YES;
				BUNDLE_LOADER = "$(TEST_HOST)";
				CODE_SIGN_STYLE = Automatic;
				CURRENT_PROJECT_VERSION = 1;
				DEVELOPMENT_TEAM = 84HMKC95WY;
				GENERATE_INFOPLIST_FILE = YES;
				IPHONEOS_DEPLOYMENT_TARGET = 16.4;
				MARKETING_VERSION = 1.0;
				PRODUCT_BUNDLE_IDENTIFIER = Allison.SpikeTests;
				PRODUCT_NAME = "$(TARGET_NAME)";
				SWIFT_EMIT_LOC_STRINGS = NO;
				SWIFT_VERSION = 5.0;
				TARGETED_DEVICE_FAMILY = "1,2";
				TEST_HOST = "$(BUILT_PRODUCTS_DIR)/Spike.app/$(BUNDLE_EXECUTABLE_FOLDER_PATH)/Spike";
			};
			name = Release;
		};
		FECC6ADA2A6047EC006D1276 /* Debug */ = {
			isa = XCBuildConfiguration;
			buildSettings = {
				ALWAYS_EMBED_SWIFT_STANDARD_LIBRARIES = YES;
				CODE_SIGN_STYLE = Automatic;
				CURRENT_PROJECT_VERSION = 1;
				DEVELOPMENT_TEAM = 84HMKC95WY;
				GENERATE_INFOPLIST_FILE = YES;
				MARKETING_VERSION = 1.0;
				PRODUCT_BUNDLE_IDENTIFIER = Allison.SpikeUITests;
				PRODUCT_NAME = "$(TARGET_NAME)";
				SWIFT_EMIT_LOC_STRINGS = NO;
				SWIFT_VERSION = 5.0;
				TARGETED_DEVICE_FAMILY = "1,2";
				TEST_TARGET_NAME = Spike;
			};
			name = Debug;
		};
		FECC6ADB2A6047EC006D1276 /* Release */ = {
			isa = XCBuildConfiguration;
			buildSettings = {
				ALWAYS_EMBED_SWIFT_STANDARD_LIBRARIES = YES;
				CODE_SIGN_STYLE = Automatic;
				CURRENT_PROJECT_VERSION = 1;
				DEVELOPMENT_TEAM = 84HMKC95WY;
				GENERATE_INFOPLIST_FILE = YES;
				MARKETING_VERSION = 1.0;
				PRODUCT_BUNDLE_IDENTIFIER = Allison.SpikeUITests;
				PRODUCT_NAME = "$(TARGET_NAME)";
				SWIFT_EMIT_LOC_STRINGS = NO;
				SWIFT_VERSION = 5.0;
				TARGETED_DEVICE_FAMILY = "1,2";
				TEST_TARGET_NAME = Spike;
			};
			name = Release;
		};
/* End XCBuildConfiguration section */

/* Begin XCConfigurationList section */
		FECC6AA52A6047EB006D1276 /* Build configuration list for PBXProject "Spike" */ = {
			isa = XCConfigurationList;
			buildConfigurations = (
				FECC6AD12A6047EC006D1276 /* Debug */,
				FECC6AD22A6047EC006D1276 /* Release */,
			);
			defaultConfigurationIsVisible = 0;
			defaultConfigurationName = Release;
		};
		FECC6AD32A6047EC006D1276 /* Build configuration list for PBXNativeTarget "Spike" */ = {
			isa = XCConfigurationList;
			buildConfigurations = (
				FECC6AD42A6047EC006D1276 /* Debug */,
				FECC6AD52A6047EC006D1276 /* Release */,
			);
			defaultConfigurationIsVisible = 0;
			defaultConfigurationName = Release;
		};
		FECC6AD62A6047EC006D1276 /* Build configuration list for PBXNativeTarget "SpikeTests" */ = {
			isa = XCConfigurationList;
			buildConfigurations = (
				FECC6AD72A6047EC006D1276 /* Debug */,
				FECC6AD82A6047EC006D1276 /* Release */,
			);
			defaultConfigurationIsVisible = 0;
			defaultConfigurationName = Release;
		};
		FECC6AD92A6047EC006D1276 /* Build configuration list for PBXNativeTarget "SpikeUITests" */ = {
			isa = XCConfigurationList;
			buildConfigurations = (
				FECC6ADA2A6047EC006D1276 /* Debug */,
				FECC6ADB2A6047EC006D1276 /* Release */,
			);
			defaultConfigurationIsVisible = 0;
			defaultConfigurationName = Release;
		};
/* End XCConfigurationList section */

/* Begin XCRemoteSwiftPackageReference section */
		FECC6AE22A606939006D1276 /* XCRemoteSwiftPackageReference "Navajo-Swift" */ = {
			isa = XCRemoteSwiftPackageReference;
			repositoryURL = "https://github.com/Wistas23/Navajo-Swift.git";
			requirement = {
				kind = upToNextMajorVersion;
				minimumVersion = 2.0.0;
			};
		};
/* End XCRemoteSwiftPackageReference section */

/* Begin XCSwiftPackageProductDependency section */
		FECC6AE32A606939006D1276 /* Navajo-Swift */ = {
			isa = XCSwiftPackageProductDependency;
			package = FECC6AE22A606939006D1276 /* XCRemoteSwiftPackageReference "Navajo-Swift" */;
			productName = "Navajo-Swift";
		};
/* End XCSwiftPackageProductDependency section */

/* Begin XCVersionGroup section */
		FECC6AB82A6047EC006D1276 /* Spike.xcdatamodeld */ = {
			isa = XCVersionGroup;
			children = (
				FECC6AB92A6047EC006D1276 /* Spike.xcdatamodel */,
			);
			currentVersion = FECC6AB92A6047EC006D1276 /* Spike.xcdatamodel */;
			path = Spike.xcdatamodeld;
			sourceTree = "<group>";
			versionGroupType = wrapper.xcdatamodel;
		};
/* End XCVersionGroup section */
	};
	rootObject = FECC6AA22A6047EB006D1276 /* Project object */;
}
